{
  "name": "liveness-and-ocr",
  "version": "1.0.0",
  "lockfileVersion": 1,
  "requires": true,
  "dependencies": {
    "@mediapipe/camera_utils": {
      "version": "0.3.1675466862",
      "resolved": "https://registry.npmjs.org/@mediapipe/camera_utils/-/camera_utils-0.3.1675466862.tgz",
      "integrity": "sha512-siuXBoUxWo9WL0MeAxIxvxY04bvbtdNl7uCxoJxiAiRtNnCYrurr7Vl5VYQ94P7Sq0gVq6PxIDhWWeZ/pLnSzw=="
    },
    "@mediapipe/control_utils": {
      "version": "0.6.1675466023",
      "resolved": "https://registry.npmjs.org/@mediapipe/control_utils/-/control_utils-0.6.1675466023.tgz",
      "integrity": "sha512-CB+L71vUJJSqvULGsZGfqkEiqywoCB898MiM6qWGrk8t5El0HVmHrQbsh2Gx3/N/V2xlYzoU43Wwr2FEAIFHzg=="
    },
    "@mediapipe/drawing_utils": {
      "version": "0.3.1675466124",
      "resolved": "https://registry.npmjs.org/@mediapipe/drawing_utils/-/drawing_utils-0.3.1675466124.tgz",
      "integrity": "sha512-/IWIB/iYRMtiUKe3k7yGqvwseWHCOqzVpRDfMgZ6gv9z7EEimg6iZbRluoPbcNKHbYSxN5yOvYTzUYb8KVf22Q=="
    },
    "@mediapipe/face_detection": {
      "version": "0.4.1646425229",
      "resolved": "https://registry.npmjs.org/@mediapipe/face_detection/-/face_detection-0.4.1646425229.tgz",
      "integrity": "sha512-aeCN+fRAojv9ch3NXorP6r5tcGVLR3/gC1HmtqB0WEZBRXrdP6/3W/sGR0dHr1iT6ueiK95G9PVjbzFosf/hrg=="
    },
    "@mediapipe/face_mesh": {
      "version": "0.4.1633559619",
      "resolved": "https://registry.npmjs.org/@mediapipe/face_mesh/-/face_mesh-0.4.1633559619.tgz",
      "integrity": "sha512-Vc8cdjxS5+O2gnjWH9KncYpUCVXT0h714KlWAsyqJvJbIgUJBqpppbIx8yWcAzBDxm/5cYSuBI5p5ySIPxzcEg=="
    }
  }
}
